
Microsoft Visual Studio Solution File, Format Version 12.00
# Visual Studio Version 16
VisualStudioVersion = 16.0.29609.76
MinimumVisualStudioVersion = 10.0.40219.1
Project("{FAE04EC0-301F-11D3-BF4B-00C04F79EFBC}") = "RemindClock", "RemindClock\RemindClock.csproj", "{0F84E524-E537-43D5-A313-5C6F227D7024}"
EndProject
Global
	GlobalSection(SolutionConfigurationPlatforms) = preSolution
		Debug|Any CPU = Debug|Any CPU
		Release|Any CPU = Release|Any CPU
	EndGlobalSection
	GlobalSection(ProjectConfigurationPlatforms) = postSolution
		{0F84E524-E537-43D5-A313-5C6F227D7024}.Debug|Any CPU.ActiveCfg = Debug|Any CPU
		{0F84E524-E537-43D5-A313-5C6F227D7024}.Debug|Any CPU.Build.0 = Debug|Any CPU
		{0F84E524-E537-43D5-A313-5C6F227D7024}.Release|Any CPU.ActiveCfg = Release|Any CPU
		{0F84E524-E537-43D5-A313-5C6F227D7024}.Release|Any CPU.Build.0 = Release|Any CPU
	EndGlobalSection
	GlobalSection(SolutionProperties) = preSolution
		HideSolutionNode = FALSE
	EndGlobalSection
	GlobalSection(ExtensibilityGlobals) = postSolution
		SolutionGuid = {ACEF4465-A344-4512-AE61-CD0E5A0943C7}
	EndGlobalSection
EndGlobal
